
Microsoft Visual Studio Solution File, Format Version 12.00
# Visual Studio Version 17
VisualStudioVersion = 17.11.35303.130
MinimumVisualStudioVersion = 10.0.40219.1
Project("{FAE04EC0-301F-11D3-BF4B-00C04F79EFBC}") = "api", "api\api.csproj", "{F2CE6ADD-98F6-4C5B-82AA-4C8A8472A975}"
EndProject
Global
	GlobalSection(SolutionConfigurationPlatforms) = preSolution
		Debug|Any CPU = Debug|Any CPU
		Release|Any CPU = Release|Any CPU
	EndGlobalSection
	GlobalSection(ProjectConfigurationPlatforms) = postSolution
		{F2CE6ADD-98F6-4C5B-82AA-4C8A8472A975}.Debug|Any CPU.ActiveCfg = Debug|Any CPU
		{F2CE6ADD-98F6-4C5B-82AA-4C8A8472A975}.Debug|Any CPU.Build.0 = Debug|Any CPU
		{F2CE6ADD-98F6-4C5B-82AA-4C8A8472A975}.Release|Any CPU.ActiveCfg = Release|Any CPU
		{F2CE6ADD-98F6-4C5B-82AA-4C8A8472A975}.Release|Any CPU.Build.0 = Release|Any CPU
	EndGlobalSection
	GlobalSection(SolutionProperties) = preSolution
		HideSolutionNode = FALSE
	EndGlobalSection
	GlobalSection(ExtensibilityGlobals) = postSolution
		SolutionGuid = {5730F788-E133-45C6-85F8-8438AE406037}
	EndGlobalSection
EndGlobal
